
Microsoft Visual Studio Solution File, Format Version 12.00
Project("{FAE04EC0-301F-11D3-BF4B-00C04F79EFBC}") = "EnigpusCrud-EfCore", "EnigpusCrud-EfCore\EnigpusCrud-EfCore.csproj", "{A5BC4E8F-D3F5-4117-BC9D-70C4AE3B0C07}"
EndProject
Global
	GlobalSection(SolutionConfigurationPlatforms) = preSolution
		Debug|Any CPU = Debug|Any CPU
		Release|Any CPU = Release|Any CPU
	EndGlobalSection
	GlobalSection(ProjectConfigurationPlatforms) = postSolution
		{A5BC4E8F-D3F5-4117-BC9D-70C4AE3B0C07}.Debug|Any CPU.ActiveCfg = Debug|Any CPU
		{A5BC4E8F-D3F5-4117-BC9D-70C4AE3B0C07}.Debug|Any CPU.Build.0 = Debug|Any CPU
		{A5BC4E8F-D3F5-4117-BC9D-70C4AE3B0C07}.Release|Any CPU.ActiveCfg = Release|Any CPU
		{A5BC4E8F-D3F5-4117-BC9D-70C4AE3B0C07}.Release|Any CPU.Build.0 = Release|Any CPU
	EndGlobalSection
EndGlobal
